
Microsoft Visual Studio Solution File, Format Version 12.00
# Visual Studio 15
VisualStudioVersion = 15.0.28306.52
MinimumVisualStudioVersion = 10.0.40219.1
Project("{FAE04EC0-301F-11D3-BF4B-00C04F79EFBC}") = "BMS", "BMS\BMS.csproj", "{C548BAB5-5A93-4E76-B7AE-9DE46CBA2ACA}"
EndProject
Project("{FAE04EC0-301F-11D3-BF4B-00C04F79EFBC}") = "YK.Platform.Entitys", "00.Platform\YK.Platform.Entitys\YK.Platform.Entitys.csproj", "{93DD6D40-2976-499B-824E-10D9B0A08E51}"
EndProject
Project("{FAE04EC0-301F-11D3-BF4B-00C04F79EFBC}") = "YK.Platform.Unity", "00.Platform\YK.Platform.Unity\YK.Platform.Unity.csproj", "{4D96000E-7549-495C-9527-8256FDDCC4AC}"
EndProject
Project("{2150E333-8FDC-42A3-9474-1A3956D46DE8}") = "01.Models", "01.Models", "{7BD37008-4553-427A-BEA4-DFD74D7C4363}"
EndProject
Project("{2150E333-8FDC-42A3-9474-1A3956D46DE8}") = "00.Config", "00.Config", "{D972F5F9-D7C3-4658-A034-CCCF90002F63}"
EndProject
Project("{FAE04EC0-301F-11D3-BF4B-00C04F79EFBC}") = "YK.Config.Model", "01.Models\00.Config\YK.Config.Model\YK.Config.Model.csproj", "{6DB2833E-7AB9-4A43-9B24-D0492CC7473D}"
EndProject
Project("{9A19103F-16F7-4668-BE54-9A1E7A4F7556}") = "YK.Platform.Core", "00.Platform\YK.Platform.Core\YK.Platform.Core.csproj", "{FEEA8E86-4F23-4292-9789-785998D86F4F}"
EndProject
Project("{2150E333-8FDC-42A3-9474-1A3956D46DE8}") = "00.Platform", "00.Platform", "{F9FB5DDE-2767-420C-B07C-CD9F90724210}"
EndProject
Project("{FAE04EC0-301F-11D3-BF4B-00C04F79EFBC}") = "YK.Platform.Cache", "00.Platform\YK.Platform.Cache\YK.Platform.Cache.csproj", "{19216FA5-E5B0-4759-83FB-C0EEFF4FC1B9}"
EndProject
Global
	GlobalSection(SolutionConfigurationPlatforms) = preSolution
		Debug|Any CPU = Debug|Any CPU
		Release|Any CPU = Release|Any CPU
	EndGlobalSection
	GlobalSection(ProjectConfigurationPlatforms) = postSolution
		{C548BAB5-5A93-4E76-B7AE-9DE46CBA2ACA}.Debug|Any CPU.ActiveCfg = Debug|Any CPU
		{C548BAB5-5A93-4E76-B7AE-9DE46CBA2ACA}.Debug|Any CPU.Build.0 = Debug|Any CPU
		{C548BAB5-5A93-4E76-B7AE-9DE46CBA2ACA}.Release|Any CPU.ActiveCfg = Release|Any CPU
		{C548BAB5-5A93-4E76-B7AE-9DE46CBA2ACA}.Release|Any CPU.Build.0 = Release|Any CPU
		{93DD6D40-2976-499B-824E-10D9B0A08E51}.Debug|Any CPU.ActiveCfg = Debug|Any CPU
		{93DD6D40-2976-499B-824E-10D9B0A08E51}.Debug|Any CPU.Build.0 = Debug|Any CPU
		{93DD6D40-2976-499B-824E-10D9B0A08E51}.Release|Any CPU.ActiveCfg = Release|Any CPU
		{93DD6D40-2976-499B-824E-10D9B0A08E51}.Release|Any CPU.Build.0 = Release|Any CPU
		{4D96000E-7549-495C-9527-8256FDDCC4AC}.Debug|Any CPU.ActiveCfg = Debug|Any CPU
		{4D96000E-7549-495C-9527-8256FDDCC4AC}.Debug|Any CPU.Build.0 = Debug|Any CPU
		{4D96000E-7549-495C-9527-8256FDDCC4AC}.Release|Any CPU.ActiveCfg = Release|Any CPU
		{4D96000E-7549-495C-9527-8256FDDCC4AC}.Release|Any CPU.Build.0 = Release|Any CPU
		{6DB2833E-7AB9-4A43-9B24-D0492CC7473D}.Debug|Any CPU.ActiveCfg = Debug|Any CPU
		{6DB2833E-7AB9-4A43-9B24-D0492CC7473D}.Debug|Any CPU.Build.0 = Debug|Any CPU
		{6DB2833E-7AB9-4A43-9B24-D0492CC7473D}.Release|Any CPU.ActiveCfg = Release|Any CPU
		{6DB2833E-7AB9-4A43-9B24-D0492CC7473D}.Release|Any CPU.Build.0 = Release|Any CPU
		{FEEA8E86-4F23-4292-9789-785998D86F4F}.Debug|Any CPU.ActiveCfg = Debug|Any CPU
		{FEEA8E86-4F23-4292-9789-785998D86F4F}.Debug|Any CPU.Build.0 = Debug|Any CPU
		{FEEA8E86-4F23-4292-9789-785998D86F4F}.Release|Any CPU.ActiveCfg = Release|Any CPU
		{FEEA8E86-4F23-4292-9789-785998D86F4F}.Release|Any CPU.Build.0 = Release|Any CPU
		{19216FA5-E5B0-4759-83FB-C0EEFF4FC1B9}.Debug|Any CPU.ActiveCfg = Debug|Any CPU
		{19216FA5-E5B0-4759-83FB-C0EEFF4FC1B9}.Debug|Any CPU.Build.0 = Debug|Any CPU
		{19216FA5-E5B0-4759-83FB-C0EEFF4FC1B9}.Release|Any CPU.ActiveCfg = Release|Any CPU
		{19216FA5-E5B0-4759-83FB-C0EEFF4FC1B9}.Release|Any CPU.Build.0 = Release|Any CPU
	EndGlobalSection
	GlobalSection(SolutionProperties) = preSolution
		HideSolutionNode = FALSE
	EndGlobalSection
	GlobalSection(NestedProjects) = preSolution
		{93DD6D40-2976-499B-824E-10D9B0A08E51} = {F9FB5DDE-2767-420C-B07C-CD9F90724210}
		{4D96000E-7549-495C-9527-8256FDDCC4AC} = {F9FB5DDE-2767-420C-B07C-CD9F90724210}
		{D972F5F9-D7C3-4658-A034-CCCF90002F63} = {7BD37008-4553-427A-BEA4-DFD74D7C4363}
		{6DB2833E-7AB9-4A43-9B24-D0492CC7473D} = {D972F5F9-D7C3-4658-A034-CCCF90002F63}
		{FEEA8E86-4F23-4292-9789-785998D86F4F} = {F9FB5DDE-2767-420C-B07C-CD9F90724210}
		{19216FA5-E5B0-4759-83FB-C0EEFF4FC1B9} = {F9FB5DDE-2767-420C-B07C-CD9F90724210}
	EndGlobalSection
	GlobalSection(ExtensibilityGlobals) = postSolution
		SolutionGuid = {252ADE01-EB64-42DA-BC5E-97F17735DAF4}
	EndGlobalSection
EndGlobal
